// !$*UTF8*$!
{
	archiveVersion = 1;
	classes = {
	};
	objectVersion = 52;
	objects = {

/* Begin PBXBuildFile section */
		BD6912AD2585767F00AF09A7 /* FirebaseAnalytics in Frameworks */ = {isa = PBXBuildFile; productRef = BD6912AC2585767F00AF09A7 /* FirebaseAnalytics */; };
		BD6912AF2585767F00AF09A7 /* FirebaseCrashlytics in Frameworks */ = {isa = PBXBuildFile; productRef = BD6912AE2585767F00AF09A7 /* FirebaseCrashlytics */; };
		BD6912B12585767F00AF09A7 /* FirebaseFirestoreSwift-Beta in Frameworks */ = {isa = PBXBuildFile; productRef = BD6912B02585767F00AF09A7 /* FirebaseFirestoreSwift-Beta */; };
		BD6912B32585767F00AF09A7 /* FirebaseAuth in Frameworks */ = {isa = PBXBuildFile; productRef = BD6912B22585767F00AF09A7 /* FirebaseAuth */; };
		BD6912B52585767F00AF09A7 /* FirebaseFirestore in Frameworks */ = {isa = PBXBuildFile; productRef = BD6912B42585767F00AF09A7 /* FirebaseFirestore */; };
		BD6912BC25857A3D00AF09A7 /* GoogleService-Info.plist in Resources */ = {isa = PBXBuildFile; fileRef = BD6912BB25857A3D00AF09A7 /* GoogleService-Info.plist */; };
		BD6912DB2585ECA400AF09A7 /* SafeSegue.swift in Sources */ = {isa = PBXBuildFile; fileRef = BD6912DA2585ECA400AF09A7 /* SafeSegue.swift */; };
		BD6912E425860E2F00AF09A7 /* DIStructure.swift in Sources */ = {isa = PBXBuildFile; fileRef = BD6912E325860E2F00AF09A7 /* DIStructure.swift */; };
		BD79CCC1258565BC0086BBB7 /* AppDelegate.swift in Sources */ = {isa = PBXBuildFile; fileRef = BD79CCC0258565BC0086BBB7 /* AppDelegate.swift */; };
		BD79CCC3258565BC0086BBB7 /* SceneDelegate.swift in Sources */ = {isa = PBXBuildFile; fileRef = BD79CCC2258565BC0086BBB7 /* SceneDelegate.swift */; };
		BD79CCC5258565BC0086BBB7 /* ViewController.swift in Sources */ = {isa = PBXBuildFile; fileRef = BD79CCC4258565BC0086BBB7 /* ViewController.swift */; };
		BD79CCC8258565BC0086BBB7 /* Main.storyboard in Resources */ = {isa = PBXBuildFile; fileRef = BD79CCC6258565BC0086BBB7 /* Main.storyboard */; };
		BD79CCCA258565BD0086BBB7 /* Assets.xcassets in Resources */ = {isa = PBXBuildFile; fileRef = BD79CCC9258565BD0086BBB7 /* Assets.xcassets */; };
		BD79CCCD258565BD0086BBB7 /* LaunchScreen.storyboard in Resources */ = {isa = PBXBuildFile; fileRef = BD79CCCB258565BD0086BBB7 /* LaunchScreen.storyboard */; };
/* End PBXBuildFile section */

/* Begin PBXFileReference section */
		BD6912BB25857A3D00AF09A7 /* GoogleService-Info.plist */ = {isa = PBXFileReference; fileEncoding = 4; lastKnownFileType = text.plist.xml; path = "GoogleService-Info.plist"; sourceTree = "<group>"; };
		BD6912DA2585ECA400AF09A7 /* SafeSegue.swift */ = {isa = PBXFileReference; lastKnownFileType = sourcecode.swift; path = SafeSegue.swift; sourceTree = "<group>"; };
		BD6912E325860E2F00AF09A7 /* DIStructure.swift */ = {isa = PBXFileReference; lastKnownFileType = sourcecode.swift; path = DIStructure.swift; sourceTree = "<group>"; };
		BD79CCBD258565BC0086BBB7 /* Scopes.app */ = {isa = PBXFileReference; explicitFileType = wrapper.application; includeInIndex = 0; path = Scopes.app; sourceTree = BUILT_PRODUCTS_DIR; };
		BD79CCC0258565BC0086BBB7 /* AppDelegate.swift */ = {isa = PBXFileReference; lastKnownFileType = sourcecode.swift; path = AppDelegate.swift; sourceTree = "<group>"; };
		BD79CCC2258565BC0086BBB7 /* SceneDelegate.swift */ = {isa = PBXFileReference; lastKnownFileType = sourcecode.swift; path = SceneDelegate.swift; sourceTree = "<group>"; };
		BD79CCC4258565BC0086BBB7 /* ViewController.swift */ = {isa = PBXFileReference; lastKnownFileType = sourcecode.swift; path = ViewController.swift; sourceTree = "<group>"; };
		BD79CCC7258565BC0086BBB7 /* Base */ = {isa = PBXFileReference; lastKnownFileType = file.storyboard; name = Base; path = Base.lproj/Main.storyboard; sourceTree = "<group>"; };
		BD79CCC9258565BD0086BBB7 /* Assets.xcassets */ = {isa = PBXFileReference; lastKnownFileType = folder.assetcatalog; path = Assets.xcassets; sourceTree = "<group>"; };
		BD79CCCC258565BD0086BBB7 /* Base */ = {isa = PBXFileReference; lastKnownFileType = file.storyboard; name = Base; path = Base.lproj/LaunchScreen.storyboard; sourceTree = "<group>"; };
		BD79CCCE258565BD0086BBB7 /* Info.plist */ = {isa = PBXFileReference; lastKnownFileType = text.plist.xml; path = Info.plist; sourceTree = "<group>"; };
/* End PBXFileReference section */

/* Begin PBXFrameworksBuildPhase section */
		BD79CCBA258565BC0086BBB7 /* Frameworks */ = {
			isa = PBXFrameworksBuildPhase;
			buildActionMask = 2147483647;
			files = (
				BD6912B12585767F00AF09A7 /* FirebaseFirestoreSwift-Beta in Frameworks */,
				BD6912AD2585767F00AF09A7 /* FirebaseAnalytics in Frameworks */,
				BD6912AF2585767F00AF09A7 /* FirebaseCrashlytics in Frameworks */,
				BD6912B52585767F00AF09A7 /* FirebaseFirestore in Frameworks */,
				BD6912B32585767F00AF09A7 /* FirebaseAuth in Frameworks */,
			);
			runOnlyForDeploymentPostprocessing = 0;
		};
/* End PBXFrameworksBuildPhase section */

/* Begin PBXGroup section */
		BD6912D32585EAD900AF09A7 /* Common */ = {
			isa = PBXGroup;
			children = (
				BD6912DA2585ECA400AF09A7 /* SafeSegue.swift */,
				BD6912E325860E2F00AF09A7 /* DIStructure.swift */,
			);
			path = Common;
			sourceTree = "<group>";
		};
		BD79CCB4258565BC0086BBB7 = {
			isa = PBXGroup;
			children = (
				BD79CCBF258565BC0086BBB7 /* Scopes */,
				BD79CCBE258565BC0086BBB7 /* Products */,
			);
			sourceTree = "<group>";
		};
		BD79CCBE258565BC0086BBB7 /* Products */ = {
			isa = PBXGroup;
			children = (
				BD79CCBD258565BC0086BBB7 /* Scopes.app */,
			);
			name = Products;
			sourceTree = "<group>";
		};
		BD79CCBF258565BC0086BBB7 /* Scopes */ = {
			isa = PBXGroup;
			children = (
				BD79CCC0258565BC0086BBB7 /* AppDelegate.swift */,
				BD79CCC2258565BC0086BBB7 /* SceneDelegate.swift */,
				BD79CCC4258565BC0086BBB7 /* ViewController.swift */,
				BD79CCC6258565BC0086BBB7 /* Main.storyboard */,
				BD79CCC9258565BD0086BBB7 /* Assets.xcassets */,
				BD79CCCB258565BD0086BBB7 /* LaunchScreen.storyboard */,
				BD79CCCE258565BD0086BBB7 /* Info.plist */,
				BD6912BB25857A3D00AF09A7 /* GoogleService-Info.plist */,
				BD6912D32585EAD900AF09A7 /* Common */,
			);
			path = Scopes;
			sourceTree = "<group>";
		};
/* End PBXGroup section */

/* Begin PBXNativeTarget section */
		BD79CCBC258565BC0086BBB7 /* Scopes */ = {
			isa = PBXNativeTarget;
			buildConfigurationList = BD79CCD1258565BD0086BBB7 /* Build configuration list for PBXNativeTarget "Scopes" */;
			buildPhases = (
				BD79CCB9258565BC0086BBB7 /* Sources */,
				BD79CCBA258565BC0086BBB7 /* Frameworks */,
				BD79CCBB258565BC0086BBB7 /* Resources */,
				BD6912B92585785800AF09A7 /* Run Script (Crashlytics) */,
			);
			buildRules = (
			);
			dependencies = (
			);
			name = Scopes;
			packageProductDependencies = (
				BD6912AC2585767F00AF09A7 /* FirebaseAnalytics */,
				BD6912AE2585767F00AF09A7 /* FirebaseCrashlytics */,
				BD6912B02585767F00AF09A7 /* FirebaseFirestoreSwift-Beta */,
				BD6912B22585767F00AF09A7 /* FirebaseAuth */,
				BD6912B42585767F00AF09A7 /* FirebaseFirestore */,
			);
			productName = Scopes;
			productReference = BD79CCBD258565BC0086BBB7 /* Scopes.app */;
			productType = "com.apple.product-type.application";
		};
/* End PBXNativeTarget section */

/* Begin PBXProject section */
		BD79CCB5258565BC0086BBB7 /* Project object */ = {
			isa = PBXProject;
			attributes = {
				LastSwiftUpdateCheck = 1210;
				LastUpgradeCheck = 1210;
				TargetAttributes = {
					BD79CCBC258565BC0086BBB7 = {
						CreatedOnToolsVersion = 12.1;
					};
				};
			};
			buildConfigurationList = BD79CCB8258565BC0086BBB7 /* Build configuration list for PBXProject "Scopes" */;
			compatibilityVersion = "Xcode 9.3";
			developmentRegion = en;
			hasScannedForEncodings = 0;
			knownRegions = (
				en,
				Base,
			);
			mainGroup = BD79CCB4258565BC0086BBB7;
			packageReferences = (
				BD6912AB2585767F00AF09A7 /* XCRemoteSwiftPackageReference "firebase-ios-sdk" */,
			);
			productRefGroup = BD79CCBE258565BC0086BBB7 /* Products */;
			projectDirPath = "";
			projectRoot = "";
			targets = (
				BD79CCBC258565BC0086BBB7 /* Scopes */,
			);
		};
/* End PBXProject section */

/* Begin PBXResourcesBuildPhase section */
		BD79CCBB258565BC0086BBB7 /* Resources */ = {
			isa = PBXResourcesBuildPhase;
			buildActionMask = 2147483647;
			files = (
				BD79CCCD258565BD0086BBB7 /* LaunchScreen.storyboard in Resources */,
				BD6912BC25857A3D00AF09A7 /* GoogleService-Info.plist in Resources */,
				BD79CCCA258565BD0086BBB7 /* Assets.xcassets in Resources */,
				BD79CCC8258565BC0086BBB7 /* Main.storyboard in Resources */,
			);
			runOnlyForDeploymentPostprocessing = 0;
		};
/* End PBXResourcesBuildPhase section */

/* Begin PBXShellScriptBuildPhase section */
		BD6912B92585785800AF09A7 /* Run Script (Crashlytics) */ = {
			isa = PBXShellScriptBuildPhase;
			buildActionMask = 2147483647;
			files = (
			);
			inputFileListPaths = (
			);
			inputPaths = (
				"${DWARF_DSYM_FOLDER_PATH}/${DWARF_DSYM_FILE_NAME}/Contents/Resources/DWARF/${TARGET_NAME}",
				"$(BUILT_PRODUCTS_DIR)/$(INFOPLIST_PATH)",
			);
			name = "Run Script (Crashlytics)";
			outputFileListPaths = (
			);
			outputPaths = (
			);
			runOnlyForDeploymentPostprocessing = 0;
			shellPath = /bin/sh;
			shellScript = "dir=$(dirname $(dirname ${BUILD_DIR}))\n\"$dir/SourcePackages/checkouts/firebase-ios-sdk/Crashlytics/run\"\n";
		};
/* End PBXShellScriptBuildPhase section */

/* Begin PBXSourcesBuildPhase section */
		BD79CCB9258565BC0086BBB7 /* Sources */ = {
			isa = PBXSourcesBuildPhase;
			buildActionMask = 2147483647;
			files = (
				BD79CCC5258565BC0086BBB7 /* ViewController.swift in Sources */,
				BD79CCC1258565BC0086BBB7 /* AppDelegate.swift in Sources */,
				BD6912E425860E2F00AF09A7 /* DIStructure.swift in Sources */,
				BD79CCC3258565BC0086BBB7 /* SceneDelegate.swift in Sources */,
				BD6912DB2585ECA400AF09A7 /* SafeSegue.swift in Sources */,
			);
			runOnlyForDeploymentPostprocessing = 0;
		};
/* End PBXSourcesBuildPhase section */

/* Begin PBXVariantGroup section */
		BD79CCC6258565BC0086BBB7 /* Main.storyboard */ = {
			isa = PBXVariantGroup;
			children = (
				BD79CCC7258565BC0086BBB7 /* Base */,
			);
			name = Main.storyboard;
			sourceTree = "<group>";
		};
		BD79CCCB258565BD0086BBB7 /* LaunchScreen.storyboard */ = {
			isa = PBXVariantGroup;
			children = (
				BD79CCCC258565BD0086BBB7 /* Base */,
			);
			name = LaunchScreen.storyboard;
			sourceTree = "<group>";
		};
/* End PBXVariantGroup section */

/* Begin XCBuildConfiguration section */
		BD79CCCF258565BD0086BBB7 /* Debug */ = {
			isa = XCBuildConfiguration;
			buildSettings = {
				ALWAYS_SEARCH_USER_PATHS = NO;
				CLANG_ANALYZER_NONNULL = YES;
				CLANG_ANALYZER_NUMBER_OBJECT_CONVERSION = YES_AGGRESSIVE;
				CLANG_CXX_LANGUAGE_STANDARD = "gnu++14";
				CLANG_CXX_LIBRARY = "libc++";
				CLANG_ENABLE_MODULES = YES;
				CLANG_ENABLE_OBJC_ARC = YES;
				CLANG_ENABLE_OBJC_WEAK = YES;
				CLANG_WARN_BLOCK_CAPTURE_AUTORELEASING = YES;
				CLANG_WARN_BOOL_CONVERSION = YES;
				CLANG_WARN_COMMA = YES;
				CLANG_WARN_CONSTANT_CONVERSION = YES;
				CLANG_WARN_DEPRECATED_OBJC_IMPLEMENTATIONS = YES;
				CLANG_WARN_DIRECT_OBJC_ISA_USAGE = YES_ERROR;
				CLANG_WARN_DOCUMENTATION_COMMENTS = YES;
				CLANG_WARN_EMPTY_BODY = YES;
				CLANG_WARN_ENUM_CONVERSION = YES;
				CLANG_WARN_INFINITE_RECURSION = YES;
				CLANG_WARN_INT_CONVERSION = YES;
				CLANG_WARN_NON_LITERAL_NULL_CONVERSION = YES;
				CLANG_WARN_OBJC_IMPLICIT_RETAIN_SELF = YES;
				CLANG_WARN_OBJC_LITERAL_CONVERSION = YES;
				CLANG_WARN_OBJC_ROOT_CLASS = YES_ERROR;
				CLANG_WARN_QUOTED_INCLUDE_IN_FRAMEWORK_HEADER = YES;
				CLANG_WARN_RANGE_LOOP_ANALYSIS = YES;
				CLANG_WARN_STRICT_PROTOTYPES = YES;
				CLANG_WARN_SUSPICIOUS_MOVE = YES;
				CLANG_WARN_UNGUARDED_AVAILABILITY = YES_AGGRESSIVE;
				CLANG_WARN_UNREACHABLE_CODE = YES;
				CLANG_WARN__DUPLICATE_METHOD_MATCH = YES;
				COPY_PHASE_STRIP = NO;
				DEBUG_INFORMATION_FORMAT = dwarf;
				ENABLE_STRICT_OBJC_MSGSEND = YES;
				ENABLE_TESTABILITY = YES;
				GCC_C_LANGUAGE_STANDARD = gnu11;
				GCC_DYNAMIC_NO_PIC = NO;
				GCC_NO_COMMON_BLOCKS = YES;
				GCC_OPTIMIZATION_LEVEL = 0;
				GCC_PREPROCESSOR_DEFINITIONS = (
					"DEBUG=1",
					"$(inherited)",
				);
				GCC_WARN_64_TO_32_BIT_CONVERSION = YES;
				GCC_WARN_ABOUT_RETURN_TYPE = YES_ERROR;
				GCC_WARN_UNDECLARED_SELECTOR = YES;
				GCC_WARN_UNINITIALIZED_AUTOS = YES_AGGRESSIVE;
				GCC_WARN_UNUSED_FUNCTION = YES;
				GCC_WARN_UNUSED_VARIABLE = YES;
				IPHONEOS_DEPLOYMENT_TARGET = 14.1;
				MTL_ENABLE_DEBUG_INFO = INCLUDE_SOURCE;
				MTL_FAST_MATH = YES;
				ONLY_ACTIVE_ARCH = YES;
				SDKROOT = iphoneos;
				SWIFT_ACTIVE_COMPILATION_CONDITIONS = DEBUG;
				SWIFT_OPTIMIZATION_LEVEL = "-Onone";
			};
			name = Debug;
		};
		BD79CCD0258565BD0086BBB7 /* Release */ = {
			isa = XCBuildConfiguration;
			buildSettings = {
				ALWAYS_SEARCH_USER_PATHS = NO;
				CLANG_ANALYZER_NONNULL = YES;
				CLANG_ANALYZER_NUMBER_OBJECT_CONVERSION = YES_AGGRESSIVE;
				CLANG_CXX_LANGUAGE_STANDARD = "gnu++14";
				CLANG_CXX_LIBRARY = "libc++";
				CLANG_ENABLE_MODULES = YES;
				CLANG_ENABLE_OBJC_ARC = YES;
				CLANG_ENABLE_OBJC_WEAK = YES;
				CLANG_WARN_BLOCK_CAPTURE_AUTORELEASING = YES;
				CLANG_WARN_BOOL_CONVERSION = YES;
				CLANG_WARN_COMMA = YES;
				CLANG_WARN_CONSTANT_CONVERSION = YES;
				CLANG_WARN_DEPRECATED_OBJC_IMPLEMENTATIONS = YES;
				CLANG_WARN_DIRECT_OBJC_ISA_USAGE = YES_ERROR;
				CLANG_WARN_DOCUMENTATION_COMMENTS = YES;
				CLANG_WARN_EMPTY_BODY = YES;
				CLANG_WARN_ENUM_CONVERSION = YES;
				CLANG_WARN_INFINITE_RECURSION = YES;
				CLANG_WARN_INT_CONVERSION = YES;
				CLANG_WARN_NON_LITERAL_NULL_CONVERSION = YES;
				CLANG_WARN_OBJC_IMPLICIT_RETAIN_SELF = YES;
				CLANG_WARN_OBJC_LITERAL_CONVERSION = YES;
				CLANG_WARN_OBJC_ROOT_CLASS = YES_ERROR;
				CLANG_WARN_QUOTED_INCLUDE_IN_FRAMEWORK_HEADER = YES;
				CLANG_WARN_RANGE_LOOP_ANALYSIS = YES;
				CLANG_WARN_STRICT_PROTOTYPES = YES;
				CLANG_WARN_SUSPICIOUS_MOVE = YES;
				CLANG_WARN_UNGUARDED_AVAILABILITY = YES_AGGRESSIVE;
				CLANG_WARN_UNREACHABLE_CODE = YES;
				CLANG_WARN__DUPLICATE_METHOD_MATCH = YES;
				COPY_PHASE_STRIP = NO;
				DEBUG_INFORMATION_FORMAT = "dwarf-with-dsym";
				ENABLE_NS_ASSERTIONS = NO;
				ENABLE_STRICT_OBJC_MSGSEND = YES;
				GCC_C_LANGUAGE_STANDARD = gnu11;
				GCC_NO_COMMON_BLOCKS = YES;
				GCC_WARN_64_TO_32_BIT_CONVERSION = YES;
				GCC_WARN_ABOUT_RETURN_TYPE = YES_ERROR;
				GCC_WARN_UNDECLARED_SELECTOR = YES;
				GCC_WARN_UNINITIALIZED_AUTOS = YES_AGGRESSIVE;
				GCC_WARN_UNUSED_FUNCTION = YES;
				GCC_WARN_UNUSED_VARIABLE = YES;
				IPHONEOS_DEPLOYMENT_TARGET = 14.1;
				MTL_ENABLE_DEBUG_INFO = NO;
				MTL_FAST_MATH = YES;
				SDKROOT = iphoneos;
				SWIFT_COMPILATION_MODE = wholemodule;
				SWIFT_OPTIMIZATION_LEVEL = "-O";
				VALIDATE_PRODUCT = YES;
			};
			name = Release;
		};
		BD79CCD2258565BD0086BBB7 /* Debug */ = {
			isa = XCBuildConfiguration;
			buildSettings = {
				ASSETCATALOG_COMPILER_APPICON_NAME = AppIcon;
				ASSETCATALOG_COMPILER_GLOBAL_ACCENT_COLOR_NAME = AccentColor;
				CODE_SIGN_STYLE = Automatic;
				DEBUG_INFORMATION_FORMAT = "dwarf-with-dsym";
				DEVELOPMENT_TEAM = C75S7MX2TX;
				INFOPLIST_FILE = Scopes/Info.plist;
				LD_RUNPATH_SEARCH_PATHS = (
					"$(inherited)",
					"@executable_path/Frameworks",
				);
				OTHER_LDFLAGS = "-ObjC";
				PRODUCT_BUNDLE_IDENTIFIER = com.ricarvalho.Scopes;
				PRODUCT_NAME = "$(TARGET_NAME)";
				SWIFT_VERSION = 5.0;
				TARGETED_DEVICE_FAMILY = "1,2";
			};
			name = Debug;
		};
		BD79CCD3258565BD0086BBB7 /* Release */ = {
			isa = XCBuildConfiguration;
			buildSettings = {
				ASSETCATALOG_COMPILER_APPICON_NAME = AppIcon;
				ASSETCATALOG_COMPILER_GLOBAL_ACCENT_COLOR_NAME = AccentColor;
				CODE_SIGN_STYLE = Automatic;
				DEVELOPMENT_TEAM = C75S7MX2TX;
				INFOPLIST_FILE = Scopes/Info.plist;
				LD_RUNPATH_SEARCH_PATHS = (
					"$(inherited)",
					"@executable_path/Frameworks",
				);
				OTHER_LDFLAGS = "-ObjC";
				PRODUCT_BUNDLE_IDENTIFIER = com.ricarvalho.Scopes;
				PRODUCT_NAME = "$(TARGET_NAME)";
				SWIFT_VERSION = 5.0;
				TARGETED_DEVICE_FAMILY = "1,2";
			};
			name = Release;
		};
/* End XCBuildConfiguration section */

/* Begin XCConfigurationList section */
		BD79CCB8258565BC0086BBB7 /* Build configuration list for PBXProject "Scopes" */ = {
			isa = XCConfigurationList;
			buildConfigurations = (
				BD79CCCF258565BD0086BBB7 /* Debug */,
				BD79CCD0258565BD0086BBB7 /* Release */,
			);
			defaultConfigurationIsVisible = 0;
			defaultConfigurationName = Release;
		};
		BD79CCD1258565BD0086BBB7 /* Build configuration list for PBXNativeTarget "Scopes" */ = {
			isa = XCConfigurationList;
			buildConfigurations = (
				BD79CCD2258565BD0086BBB7 /* Debug */,
				BD79CCD3258565BD0086BBB7 /* Release */,
			);
			defaultConfigurationIsVisible = 0;
			defaultConfigurationName = Release;
		};
/* End XCConfigurationList section */

/* Begin XCRemoteSwiftPackageReference section */
		BD6912AB2585767F00AF09A7 /* XCRemoteSwiftPackageReference "firebase-ios-sdk" */ = {
			isa = XCRemoteSwiftPackageReference;
			repositoryURL = "https://github.com/firebase/firebase-ios-sdk.git";
			requirement = {
				kind = upToNextMajorVersion;
				minimumVersion = 7.3.0;
			};
		};
/* End XCRemoteSwiftPackageReference section */

/* Begin XCSwiftPackageProductDependency section */
		BD6912AC2585767F00AF09A7 /* FirebaseAnalytics */ = {
			isa = XCSwiftPackageProductDependency;
			package = BD6912AB2585767F00AF09A7 /* XCRemoteSwiftPackageReference "firebase-ios-sdk" */;
			productName = FirebaseAnalytics;
		};
		BD6912AE2585767F00AF09A7 /* FirebaseCrashlytics */ = {
			isa = XCSwiftPackageProductDependency;
			package = BD6912AB2585767F00AF09A7 /* XCRemoteSwiftPackageReference "firebase-ios-sdk" */;
			productName = FirebaseCrashlytics;
		};
		BD6912B02585767F00AF09A7 /* FirebaseFirestoreSwift-Beta */ = {
			isa = XCSwiftPackageProductDependency;
			package = BD6912AB2585767F00AF09A7 /* XCRemoteSwiftPackageReference "firebase-ios-sdk" */;
			productName = "FirebaseFirestoreSwift-Beta";
		};
		BD6912B22585767F00AF09A7 /* FirebaseAuth */ = {
			isa = XCSwiftPackageProductDependency;
			package = BD6912AB2585767F00AF09A7 /* XCRemoteSwiftPackageReference "firebase-ios-sdk" */;
			productName = FirebaseAuth;
		};
		BD6912B42585767F00AF09A7 /* FirebaseFirestore */ = {
			isa = XCSwiftPackageProductDependency;
			package = BD6912AB2585767F00AF09A7 /* XCRemoteSwiftPackageReference "firebase-ios-sdk" */;
			productName = FirebaseFirestore;
		};
/* End XCSwiftPackageProductDependency section */
	};
	rootObject = BD79CCB5258565BC0086BBB7 /* Project object */;
}
